
Microsoft Visual Studio Solution File, Format Version 12.00
# Visual Studio 2015
Project("{FAE04EC0-301F-11D3-BF4B-00C04F79EFBC}") = "BestSects-master.CSharp.Plugins", "BestSects-master.CSharp.Plugins.csproj", "{F6414964-0DD6-928F-BFA3-FE56199182ED}"
EndProject
Project("{FAE04EC0-301F-11D3-BF4B-00C04F79EFBC}") = "BestSects-master.CSharp", "BestSects-master.CSharp.csproj", "{CF3A4815-0CB9-D72B-8B66-8EF150BA972D}"
EndProject
Project("{FAE04EC0-301F-11D3-BF4B-00C04F79EFBC}") = "BestSects-master.CSharp.Editor.Plugins", "BestSects-master.CSharp.Editor.Plugins.csproj", "{69AA7820-AB8D-6B50-6218-FD8E607378C2}"
EndProject
Project("{FAE04EC0-301F-11D3-BF4B-00C04F79EFBC}") = "BestSects-master.CSharp.Editor", "BestSects-master.CSharp.Editor.csproj", "{48FE61D0-87DE-8E3E-5120-8A5D7BF45895}"
EndProject
Global
	GlobalSection(SolutionConfigurationPlatforms) = preSolution
		Debug|Any CPU = Debug|Any CPU
		Release|Any CPU = Release|Any CPU
	EndGlobalSection
	GlobalSection(ProjectConfigurationPlatforms) = postSolution
		{F6414964-0DD6-928F-BFA3-FE56199182ED}.Debug|Any CPU.ActiveCfg = Debug|Any CPU
		{F6414964-0DD6-928F-BFA3-FE56199182ED}.Debug|Any CPU.Build.0 = Debug|Any CPU
		{F6414964-0DD6-928F-BFA3-FE56199182ED}.Release|Any CPU.ActiveCfg = Release|Any CPU
		{F6414964-0DD6-928F-BFA3-FE56199182ED}.Release|Any CPU.Build.0 = Release|Any CPU
		{CF3A4815-0CB9-D72B-8B66-8EF150BA972D}.Debug|Any CPU.ActiveCfg = Debug|Any CPU
		{CF3A4815-0CB9-D72B-8B66-8EF150BA972D}.Debug|Any CPU.Build.0 = Debug|Any CPU
		{CF3A4815-0CB9-D72B-8B66-8EF150BA972D}.Release|Any CPU.ActiveCfg = Release|Any CPU
		{CF3A4815-0CB9-D72B-8B66-8EF150BA972D}.Release|Any CPU.Build.0 = Release|Any CPU
		{69AA7820-AB8D-6B50-6218-FD8E607378C2}.Debug|Any CPU.ActiveCfg = Debug|Any CPU
		{69AA7820-AB8D-6B50-6218-FD8E607378C2}.Debug|Any CPU.Build.0 = Debug|Any CPU
		{69AA7820-AB8D-6B50-6218-FD8E607378C2}.Release|Any CPU.ActiveCfg = Release|Any CPU
		{69AA7820-AB8D-6B50-6218-FD8E607378C2}.Release|Any CPU.Build.0 = Release|Any CPU
		{48FE61D0-87DE-8E3E-5120-8A5D7BF45895}.Debug|Any CPU.ActiveCfg = Debug|Any CPU
		{48FE61D0-87DE-8E3E-5120-8A5D7BF45895}.Debug|Any CPU.Build.0 = Debug|Any CPU
		{48FE61D0-87DE-8E3E-5120-8A5D7BF45895}.Release|Any CPU.ActiveCfg = Release|Any CPU
		{48FE61D0-87DE-8E3E-5120-8A5D7BF45895}.Release|Any CPU.Build.0 = Release|Any CPU
	EndGlobalSection
	GlobalSection(SolutionProperties) = preSolution
		HideSolutionNode = FALSE
	EndGlobalSection
EndGlobal
